
Microsoft Visual Studio Solution File, Format Version 12.00
# Visual Studio Version 17
VisualStudioVersion = 17.13.35931.197 d17.13
MinimumVisualStudioVersion = 10.0.40219.1
Project("{FAE04EC0-301F-11D3-BF4B-00C04F79EFBC}") = "ConsolidadoDiario.Api", "ConsolidadoDiario\ConsolidadoDiario.Api.csproj", "{3A0DB153-F30E-4E70-9CBE-334E5DEF0093}"
EndProject
Project("{FAE04EC0-301F-11D3-BF4B-00C04F79EFBC}") = "ConsolidadoDiario.Domain", "ConsolidadoDiario.Domain\ConsolidadoDiario.Domain.csproj", "{3474909B-1EC6-4034-9158-B59F9A00991F}"
EndProject
Project("{FAE04EC0-301F-11D3-BF4B-00C04F79EFBC}") = "ConsolidadoDiario.Infrastructure", "ConsolidadoDiario.Infrastructure\ConsolidadoDiario.Infrastructure.csproj", "{3463BCCE-F5BB-4FC2-8158-419F76B4DE22}"
EndProject
Project("{FAE04EC0-301F-11D3-BF4B-00C04F79EFBC}") = "ConsolidadoDiario.Application", "ConsolidadoDiario.Application\ConsolidadoDiario.Application.csproj", "{8D0B2100-29D2-46ED-8291-85D7166C0E8A}"
EndProject
Project("{FAE04EC0-301F-11D3-BF4B-00C04F79EFBC}") = "ConsolidadoDiario.Tests", "ConsolidadoDiario.Tests\ConsolidadoDiario.Tests.csproj", "{5E2FD023-7F4A-429B-92A4-1DD9769BEE86}"
EndProject
Global
	GlobalSection(SolutionConfigurationPlatforms) = preSolution
		Debug|Any CPU = Debug|Any CPU
		Release|Any CPU = Release|Any CPU
	EndGlobalSection
	GlobalSection(ProjectConfigurationPlatforms) = postSolution
		{3A0DB153-F30E-4E70-9CBE-334E5DEF0093}.Debug|Any CPU.ActiveCfg = Debug|Any CPU
		{3A0DB153-F30E-4E70-9CBE-334E5DEF0093}.Debug|Any CPU.Build.0 = Debug|Any CPU
		{3A0DB153-F30E-4E70-9CBE-334E5DEF0093}.Release|Any CPU.ActiveCfg = Release|Any CPU
		{3A0DB153-F30E-4E70-9CBE-334E5DEF0093}.Release|Any CPU.Build.0 = Release|Any CPU
		{3474909B-1EC6-4034-9158-B59F9A00991F}.Debug|Any CPU.ActiveCfg = Debug|Any CPU
		{3474909B-1EC6-4034-9158-B59F9A00991F}.Debug|Any CPU.Build.0 = Debug|Any CPU
		{3474909B-1EC6-4034-9158-B59F9A00991F}.Release|Any CPU.ActiveCfg = Release|Any CPU
		{3474909B-1EC6-4034-9158-B59F9A00991F}.Release|Any CPU.Build.0 = Release|Any CPU
		{3463BCCE-F5BB-4FC2-8158-419F76B4DE22}.Debug|Any CPU.ActiveCfg = Debug|Any CPU
		{3463BCCE-F5BB-4FC2-8158-419F76B4DE22}.Debug|Any CPU.Build.0 = Debug|Any CPU
		{3463BCCE-F5BB-4FC2-8158-419F76B4DE22}.Release|Any CPU.ActiveCfg = Release|Any CPU
		{3463BCCE-F5BB-4FC2-8158-419F76B4DE22}.Release|Any CPU.Build.0 = Release|Any CPU
		{8D0B2100-29D2-46ED-8291-85D7166C0E8A}.Debug|Any CPU.ActiveCfg = Debug|Any CPU
		{8D0B2100-29D2-46ED-8291-85D7166C0E8A}.Debug|Any CPU.Build.0 = Debug|Any CPU
		{8D0B2100-29D2-46ED-8291-85D7166C0E8A}.Release|Any CPU.ActiveCfg = Release|Any CPU
		{8D0B2100-29D2-46ED-8291-85D7166C0E8A}.Release|Any CPU.Build.0 = Release|Any CPU
		{5E2FD023-7F4A-429B-92A4-1DD9769BEE86}.Debug|Any CPU.ActiveCfg = Debug|Any CPU
		{5E2FD023-7F4A-429B-92A4-1DD9769BEE86}.Debug|Any CPU.Build.0 = Debug|Any CPU
		{5E2FD023-7F4A-429B-92A4-1DD9769BEE86}.Release|Any CPU.ActiveCfg = Release|Any CPU
		{5E2FD023-7F4A-429B-92A4-1DD9769BEE86}.Release|Any CPU.Build.0 = Release|Any CPU
	EndGlobalSection
	GlobalSection(SolutionProperties) = preSolution
		HideSolutionNode = FALSE
	EndGlobalSection
	GlobalSection(ExtensibilityGlobals) = postSolution
		SolutionGuid = {A67ECA50-17E8-42BD-A357-ED1A1E70E943}
	EndGlobalSection
EndGlobal
